
Microsoft Visual Studio Solution File, Format Version 12.00
# Visual Studio Version 17
VisualStudioVersion = 17.5.33530.505
MinimumVisualStudioVersion = 10.0.40219.1
Project("{9A19103F-16F7-4668-BE54-9A1E7A4F7556}") = "Storage", "Storage.csproj", "{93434BFC-01DD-4E70-AE7C-F95082540124}"
EndProject
Project("{9A19103F-16F7-4668-BE54-9A1E7A4F7556}") = "Storage.Tests", "..\Storage.Tests\Storage.Tests.csproj", "{BC20BD22-660B-4386-B764-9F0EF56EF3A3}"
EndProject
Global
	GlobalSection(SolutionConfigurationPlatforms) = preSolution
		Debug|Any CPU = Debug|Any CPU
		Release|Any CPU = Release|Any CPU
	EndGlobalSection
	GlobalSection(ProjectConfigurationPlatforms) = postSolution
		{93434BFC-01DD-4E70-AE7C-F95082540124}.Debug|Any CPU.ActiveCfg = Debug|Any CPU
		{93434BFC-01DD-4E70-AE7C-F95082540124}.Debug|Any CPU.Build.0 = Debug|Any CPU
		{93434BFC-01DD-4E70-AE7C-F95082540124}.Release|Any CPU.ActiveCfg = Release|Any CPU
		{93434BFC-01DD-4E70-AE7C-F95082540124}.Release|Any CPU.Build.0 = Release|Any CPU
		{BC20BD22-660B-4386-B764-9F0EF56EF3A3}.Debug|Any CPU.ActiveCfg = Debug|Any CPU
		{BC20BD22-660B-4386-B764-9F0EF56EF3A3}.Debug|Any CPU.Build.0 = Debug|Any CPU
		{BC20BD22-660B-4386-B764-9F0EF56EF3A3}.Release|Any CPU.ActiveCfg = Release|Any CPU
		{BC20BD22-660B-4386-B764-9F0EF56EF3A3}.Release|Any CPU.Build.0 = Release|Any CPU
	EndGlobalSection
	GlobalSection(SolutionProperties) = preSolution
		HideSolutionNode = FALSE
	EndGlobalSection
	GlobalSection(ExtensibilityGlobals) = postSolution
		SolutionGuid = {5E6D45DC-61B4-4122-9D77-FF92069D6709}
	EndGlobalSection
EndGlobal
